
Microsoft Visual Studio Solution File, Format Version 12.00
# Visual Studio Version 16
VisualStudioVersion = 16.0.31624.102
MinimumVisualStudioVersion = 10.0.40219.1
Project("{9A19103F-16F7-4668-BE54-9A1E7A4F7556}") = "Design_Patterns_API", "Design_Patterns_API\Design_Patterns_API.csproj", "{26052D11-E19C-4BA1-B632-F3A40650FAC3}"
EndProject
Project("{FAE04EC0-301F-11D3-BF4B-00C04F79EFBC}") = "Design_Patterns", "Design_Patterns\Design_Patterns.csproj", "{4684451F-CEC9-47B5-8DAC-C585E1F54B20}"
EndProject
Global
	GlobalSection(SolutionConfigurationPlatforms) = preSolution
		Debug|Any CPU = Debug|Any CPU
		Release|Any CPU = Release|Any CPU
	EndGlobalSection
	GlobalSection(ProjectConfigurationPlatforms) = postSolution
		{26052D11-E19C-4BA1-B632-F3A40650FAC3}.Debug|Any CPU.ActiveCfg = Debug|Any CPU
		{26052D11-E19C-4BA1-B632-F3A40650FAC3}.Debug|Any CPU.Build.0 = Debug|Any CPU
		{26052D11-E19C-4BA1-B632-F3A40650FAC3}.Release|Any CPU.ActiveCfg = Release|Any CPU
		{26052D11-E19C-4BA1-B632-F3A40650FAC3}.Release|Any CPU.Build.0 = Release|Any CPU
		{4684451F-CEC9-47B5-8DAC-C585E1F54B20}.Debug|Any CPU.ActiveCfg = Debug|Any CPU
		{4684451F-CEC9-47B5-8DAC-C585E1F54B20}.Debug|Any CPU.Build.0 = Debug|Any CPU
		{4684451F-CEC9-47B5-8DAC-C585E1F54B20}.Release|Any CPU.ActiveCfg = Release|Any CPU
		{4684451F-CEC9-47B5-8DAC-C585E1F54B20}.Release|Any CPU.Build.0 = Release|Any CPU
	EndGlobalSection
	GlobalSection(SolutionProperties) = preSolution
		HideSolutionNode = FALSE
	EndGlobalSection
	GlobalSection(ExtensibilityGlobals) = postSolution
		SolutionGuid = {AB044529-42E2-46D0-9E8F-C0077B03A7DB}
	EndGlobalSection
EndGlobal
